
Microsoft Visual Studio Solution File, Format Version 12.00
# Visual Studio Version 16
VisualStudioVersion = 16.0.31112.23
MinimumVisualStudioVersion = 10.0.40219.1
Project("{FAE04EC0-301F-11D3-BF4B-00C04F79EFBC}") = "AirFlowAnalyzer", "AirFlowAnalyzer.csproj", "{11E9A8E4-E9AD-4DF0-ABA2-57D04EC9F968}"
EndProject
Global
	GlobalSection(SolutionConfigurationPlatforms) = preSolution
		Debug|Any CPU = Debug|Any CPU
		Release|Any CPU = Release|Any CPU
	EndGlobalSection
	GlobalSection(ProjectConfigurationPlatforms) = postSolution
		{11E9A8E4-E9AD-4DF0-ABA2-57D04EC9F968}.Debug|Any CPU.ActiveCfg = Debug|Any CPU
		{11E9A8E4-E9AD-4DF0-ABA2-57D04EC9F968}.Debug|Any CPU.Build.0 = Debug|Any CPU
		{11E9A8E4-E9AD-4DF0-ABA2-57D04EC9F968}.Release|Any CPU.ActiveCfg = Release|Any CPU
		{11E9A8E4-E9AD-4DF0-ABA2-57D04EC9F968}.Release|Any CPU.Build.0 = Release|Any CPU
	EndGlobalSection
	GlobalSection(SolutionProperties) = preSolution
		HideSolutionNode = FALSE
	EndGlobalSection
	GlobalSection(ExtensibilityGlobals) = postSolution
		SolutionGuid = {04CDF7B4-A317-4A23-9F8D-27AC24C0966B}
	EndGlobalSection
EndGlobal
